{
  "name": "@ronomon/utimes",
  "version": "2.3.1",
  "lockfileVersion": 1,
  "requires": true,
  "dependencies": {
    "@ronomon/queue": {
      "version": "3.0.0",
      "resolved": "https://registry.npmjs.org/@ronomon/queue/-/queue-3.0.0.tgz",
      "integrity": "sha512-+Dnc8cNXa0mI1cD+YdA3mmQP8j1CjQKXfILiXgZGWAtauMIUxuhRgnOLgabKjEj+Wa8r2rQKsaNaDayxauImGQ=="
    },
    "node-addon-api": {
      "version": "2.0.0",
      "resolved": "https://registry.npmjs.org/node-addon-api/-/node-addon-api-2.0.0.tgz",
      "integrity": "sha512-ASCL5U13as7HhOExbT6OlWJJUV/lLzL2voOSP1UVehpRD8FbSrSDjfScK/KwAvVTI5AS6r4VwbOMlIqtvRidnA=="
    }
  }
}
